
Microsoft Visual Studio Solution File, Format Version 12.00
# Visual Studio Version 16
VisualStudioVersion = 16.0.33027.164
MinimumVisualStudioVersion = 10.0.40219.1
Project("{F184B08F-C81C-45F6-A57F-5ABD9991F28F}") = "PronacaAlmacenes", "PronacaAlmacenes.vbproj", "{2733D31E-BE62-4327-9F9E-58A491E94F54}"
EndProject
Project("{2150E333-8FDC-42A3-9474-1A3956D46DE8}") = "Solution Items", "Solution Items", "{3BCEFAF3-7FB8-465C-A62D-121C6B1D542C}"
	ProjectSection(SolutionItems) = preProject
		.editorconfig = .editorconfig
	EndProjectSection
EndProject
Project("{F184B08F-C81C-45F6-A57F-5ABD9991F28F}") = "ServicioAlmacenes", "..\ServicioAlmacenes\ServicioAlmacenes.vbproj", "{94AFA5E4-513D-4BB0-9CF0-DFE40F6D4AEF}"
EndProject
Project("{54435603-DBB4-11D2-8724-00A0C9A8B90C}") = "Setup1", "..\Setup1\Setup1.vdproj", "{C7C28EA9-3482-4971-ABA5-575CEA759E39}"
EndProject
Project("{54435603-DBB4-11D2-8724-00A0C9A8B90C}") = "Almacén Mr Pollo Sur Quito", "..\Almacén Mr Pollo Sur Quito\Almacén Mr Pollo Sur Quito.vdproj", "{892DB4AF-BF3A-41D8-A99F-63CB61F17622}"
EndProject
Project("{54435603-DBB4-11D2-8724-00A0C9A8B90C}") = "Almacén Mr Pollo Portugal Quito", "..\Almacén Mr Pollo Portugal Quito\Almacén Mr Pollo Portugal Quito.vdproj", "{96001B10-925B-49DD-8742-24491E754248}"
EndProject
Project("{54435603-DBB4-11D2-8724-00A0C9A8B90C}") = "Almacén Mr Pollo Santo Domingo", "..\Almacén Mr Pollo Santo Domingo\Almacén Mr Pollo Santo Domingo.vdproj", "{BAE4ED94-EA98-49D1-9D79-DFAE610DDEF1}"
EndProject
Project("{54435603-DBB4-11D2-8724-00A0C9A8B90C}") = "Almacén Mr Pollo Guayquil", "..\Almacén Mr Pollo Guayquil\Almacén Mr Pollo Guayquil.vdproj", "{53732BB7-FD73-4EEF-A81D-9D42237EB981}"
EndProject
Global
	GlobalSection(SolutionConfigurationPlatforms) = preSolution
		Debug|Any CPU = Debug|Any CPU
		Release|Any CPU = Release|Any CPU
	EndGlobalSection
	GlobalSection(ProjectConfigurationPlatforms) = postSolution
		{2733D31E-BE62-4327-9F9E-58A491E94F54}.Debug|Any CPU.ActiveCfg = Debug|Any CPU
		{2733D31E-BE62-4327-9F9E-58A491E94F54}.Debug|Any CPU.Build.0 = Debug|Any CPU
		{2733D31E-BE62-4327-9F9E-58A491E94F54}.Release|Any CPU.ActiveCfg = Release|Any CPU
		{2733D31E-BE62-4327-9F9E-58A491E94F54}.Release|Any CPU.Build.0 = Release|Any CPU
		{94AFA5E4-513D-4BB0-9CF0-DFE40F6D4AEF}.Debug|Any CPU.ActiveCfg = Debug|Any CPU
		{94AFA5E4-513D-4BB0-9CF0-DFE40F6D4AEF}.Debug|Any CPU.Build.0 = Debug|Any CPU
		{94AFA5E4-513D-4BB0-9CF0-DFE40F6D4AEF}.Release|Any CPU.ActiveCfg = Release|Any CPU
		{94AFA5E4-513D-4BB0-9CF0-DFE40F6D4AEF}.Release|Any CPU.Build.0 = Release|Any CPU
		{C7C28EA9-3482-4971-ABA5-575CEA759E39}.Debug|Any CPU.ActiveCfg = Debug
		{C7C28EA9-3482-4971-ABA5-575CEA759E39}.Release|Any CPU.ActiveCfg = Release
		{892DB4AF-BF3A-41D8-A99F-63CB61F17622}.Debug|Any CPU.ActiveCfg = Debug
		{892DB4AF-BF3A-41D8-A99F-63CB61F17622}.Release|Any CPU.ActiveCfg = Release
		{96001B10-925B-49DD-8742-24491E754248}.Debug|Any CPU.ActiveCfg = Debug
		{96001B10-925B-49DD-8742-24491E754248}.Release|Any CPU.ActiveCfg = Release
		{BAE4ED94-EA98-49D1-9D79-DFAE610DDEF1}.Debug|Any CPU.ActiveCfg = Debug
		{BAE4ED94-EA98-49D1-9D79-DFAE610DDEF1}.Release|Any CPU.ActiveCfg = Release
		{53732BB7-FD73-4EEF-A81D-9D42237EB981}.Debug|Any CPU.ActiveCfg = Debug
		{53732BB7-FD73-4EEF-A81D-9D42237EB981}.Release|Any CPU.ActiveCfg = Release
	EndGlobalSection
	GlobalSection(SolutionProperties) = preSolution
		HideSolutionNode = FALSE
	EndGlobalSection
	GlobalSection(ExtensibilityGlobals) = postSolution
		SolutionGuid = {AEDB14B9-51B2-438D-8E6D-6533BDFC842D}
	EndGlobalSection
EndGlobal
